
Microsoft Visual Studio Solution File, Format Version 12.00
# Visual Studio Version 16
VisualStudioVersion = 16.0.30804.86
MinimumVisualStudioVersion = 10.0.40219.1
Project("{FAE04EC0-301F-11D3-BF4B-00C04F79EFBC}") = "MobileStore", "MobileStore.csproj", "{B53D8BC2-420F-46AF-91F9-D1EEF96F6B60}"
EndProject
Global
	GlobalSection(SolutionConfigurationPlatforms) = preSolution
		Debug|Any CPU = Debug|Any CPU
		Release|Any CPU = Release|Any CPU
	EndGlobalSection
	GlobalSection(ProjectConfigurationPlatforms) = postSolution
		{B53D8BC2-420F-46AF-91F9-D1EEF96F6B60}.Debug|Any CPU.ActiveCfg = Debug|Any CPU
		{B53D8BC2-420F-46AF-91F9-D1EEF96F6B60}.Debug|Any CPU.Build.0 = Debug|Any CPU
		{B53D8BC2-420F-46AF-91F9-D1EEF96F6B60}.Release|Any CPU.ActiveCfg = Release|Any CPU
		{B53D8BC2-420F-46AF-91F9-D1EEF96F6B60}.Release|Any CPU.Build.0 = Release|Any CPU
	EndGlobalSection
	GlobalSection(SolutionProperties) = preSolution
		HideSolutionNode = FALSE
	EndGlobalSection
	GlobalSection(ExtensibilityGlobals) = postSolution
		SolutionGuid = {A0DEB88E-ACCD-4E39-B857-00D9D0B5EED1}
	EndGlobalSection
EndGlobal
